{
  "originHash" : "b9deccd30d26431dbdb22caaf025a07b15001cd6a13f38af4460b15157f1145a",
  "pins" : [
    {
      "identity" : "kakaomapssdk-spm",
      "kind" : "remoteSourceControl",
      "location" : "https://github.com/kakao-mapsSDK/KakaoMapsSDK-SPM",
      "state" : {
        "revision" : "d44bc7365bee88f66964a14168a42910ac092d38",
        "version" : "2.12.5"
      }
    }
  ],
  "version" : 3
}
